// !$*UTF8*$!
{
	archiveVersion = 1;
	classes = {
	};
	objectVersion = 46;
	objects = {

/* Begin PBXBuildFile section */
		7C78B9B91F28051200934923 /* AppDelegate.swift in Sources */ = {isa = PBXBuildFile; fileRef = 7C78B9B81F28051200934923 /* AppDelegate.swift */; };
		7C78B9BB1F28051200934923 /* ViewController.swift in Sources */ = {isa = PBXBuildFile; fileRef = 7C78B9BA1F28051200934923 /* ViewController.swift */; };
		7C78B9BE1F28051200934923 /* Main.storyboard in Resources */ = {isa = PBXBuildFile; fileRef = 7C78B9BC1F28051200934923 /* Main.storyboard */; };
		7C78B9C01F28051200934923 /* Assets.xcassets in Resources */ = {isa = PBXBuildFile; fileRef = 7C78B9BF1F28051200934923 /* Assets.xcassets */; };
		7C78B9C31F28051200934923 /* LaunchScreen.storyboard in Resources */ = {isa = PBXBuildFile; fileRef = 7C78B9C11F28051200934923 /* LaunchScreen.storyboard */; };
		7C9241491F29648E002B1AAD /* TextEntryVC.swift in Sources */ = {isa = PBXBuildFile; fileRef = 7C9241481F29648E002B1AAD /* TextEntryVC.swift */; };
		7C92414B1F298F16002B1AAD /* NotificationViewController.swift in Sources */ = {isa = PBXBuildFile; fileRef = 7C92414A1F298F16002B1AAD /* NotificationViewController.swift */; };
		7CC996AB1F2959820059A193 /* CustomTextViewEntry.swift in Sources */ = {isa = PBXBuildFile; fileRef = 7CC996AA1F2959820059A193 /* CustomTextViewEntry.swift */; };
		D35D6353EFCCE9F442FD68DB /* Pods_Cells.framework in Frameworks */ = {isa = PBXBuildFile; fileRef = 34AC597F58D29FEE357DD57B /* Pods_Cells.framework */; };
/* End PBXBuildFile section */

/* Begin PBXFileReference section */
		34AC597F58D29FEE357DD57B /* Pods_Cells.framework */ = {isa = PBXFileReference; explicitFileType = wrapper.framework; includeInIndex = 0; path = Pods_Cells.framework; sourceTree = BUILT_PRODUCTS_DIR; };
		53B9B48BED348C35D2769CE2 /* Pods-Cells.release.xcconfig */ = {isa = PBXFileReference; includeInIndex = 1; lastKnownFileType = text.xcconfig; name = "Pods-Cells.release.xcconfig"; path = "Pods/Target Support Files/Pods-Cells/Pods-Cells.release.xcconfig"; sourceTree = "<group>"; };
		7C78B9B51F28051200934923 /* Cells.app */ = {isa = PBXFileReference; explicitFileType = wrapper.application; includeInIndex = 0; path = Cells.app; sourceTree = BUILT_PRODUCTS_DIR; };
		7C78B9B81F28051200934923 /* AppDelegate.swift */ = {isa = PBXFileReference; lastKnownFileType = sourcecode.swift; path = AppDelegate.swift; sourceTree = "<group>"; };
		7C78B9BA1F28051200934923 /* ViewController.swift */ = {isa = PBXFileReference; lastKnownFileType = sourcecode.swift; path = ViewController.swift; sourceTree = "<group>"; };
		7C78B9BD1F28051200934923 /* Base */ = {isa = PBXFileReference; lastKnownFileType = file.storyboard; name = Base; path = Base.lproj/Main.storyboard; sourceTree = "<group>"; };
		7C78B9BF1F28051200934923 /* Assets.xcassets */ = {isa = PBXFileReference; lastKnownFileType = folder.assetcatalog; path = Assets.xcassets; sourceTree = "<group>"; };
		7C78B9C21F28051200934923 /* Base */ = {isa = PBXFileReference; lastKnownFileType = file.storyboard; name = Base; path = Base.lproj/LaunchScreen.storyboard; sourceTree = "<group>"; };
		7C78B9C41F28051200934923 /* Info.plist */ = {isa = PBXFileReference; lastKnownFileType = text.plist.xml; path = Info.plist; sourceTree = "<group>"; };
		7C9241481F29648E002B1AAD /* TextEntryVC.swift */ = {isa = PBXFileReference; fileEncoding = 4; lastKnownFileType = sourcecode.swift; path = TextEntryVC.swift; sourceTree = "<group>"; };
		7C92414A1F298F16002B1AAD /* NotificationViewController.swift */ = {isa = PBXFileReference; fileEncoding = 4; lastKnownFileType = sourcecode.swift; path = NotificationViewController.swift; sourceTree = "<group>"; };
		7CC996AA1F2959820059A193 /* CustomTextViewEntry.swift */ = {isa = PBXFileReference; lastKnownFileType = sourcecode.swift; path = CustomTextViewEntry.swift; sourceTree = "<group>"; };
		AD71FF3DF60AFF2BD99D9BDE /* Pods-Cells.debug.xcconfig */ = {isa = PBXFileReference; includeInIndex = 1; lastKnownFileType = text.xcconfig; name = "Pods-Cells.debug.xcconfig"; path = "Pods/Target Support Files/Pods-Cells/Pods-Cells.debug.xcconfig"; sourceTree = "<group>"; };
/* End PBXFileReference section */

/* Begin PBXFrameworksBuildPhase section */
		7C78B9B21F28051200934923 /* Frameworks */ = {
			isa = PBXFrameworksBuildPhase;
			buildActionMask = 2147483647;
			files = (
				D35D6353EFCCE9F442FD68DB /* Pods_Cells.framework in Frameworks */,
			);
			runOnlyForDeploymentPostprocessing = 0;
		};
/* End PBXFrameworksBuildPhase section */

/* Begin PBXGroup section */
		0DE9165089384D979717883C /* Frameworks */ = {
			isa = PBXGroup;
			children = (
				34AC597F58D29FEE357DD57B /* Pods_Cells.framework */,
			);
			name = Frameworks;
			sourceTree = "<group>";
		};
		7C78B9AC1F28051200934923 = {
			isa = PBXGroup;
			children = (
				7C78B9B71F28051200934923 /* Cells */,
				7C78B9B61F28051200934923 /* Products */,
				D52C04D7EE5AD45651CDF19A /* Pods */,
				0DE9165089384D979717883C /* Frameworks */,
			);
			sourceTree = "<group>";
		};
		7C78B9B61F28051200934923 /* Products */ = {
			isa = PBXGroup;
			children = (
				7C78B9B51F28051200934923 /* Cells.app */,
			);
			name = Products;
			sourceTree = "<group>";
		};
		7C78B9B71F28051200934923 /* Cells */ = {
			isa = PBXGroup;
			children = (
				7C78B9B81F28051200934923 /* AppDelegate.swift */,
				7CC996AA1F2959820059A193 /* CustomTextViewEntry.swift */,
				7C78B9BA1F28051200934923 /* ViewController.swift */,
				7C9241481F29648E002B1AAD /* TextEntryVC.swift */,
				7C92414A1F298F16002B1AAD /* NotificationViewController.swift */,
				7C78B9BC1F28051200934923 /* Main.storyboard */,
				7C78B9BF1F28051200934923 /* Assets.xcassets */,
				7C78B9C11F28051200934923 /* LaunchScreen.storyboard */,
				7C78B9C41F28051200934923 /* Info.plist */,
			);
			path = Cells;
			sourceTree = "<group>";
		};
		D52C04D7EE5AD45651CDF19A /* Pods */ = {
			isa = PBXGroup;
			children = (
				AD71FF3DF60AFF2BD99D9BDE /* Pods-Cells.debug.xcconfig */,
				53B9B48BED348C35D2769CE2 /* Pods-Cells.release.xcconfig */,
			);
			name = Pods;
			sourceTree = "<group>";
		};
/* End PBXGroup section */

/* Begin PBXNativeTarget section */
		7C78B9B41F28051200934923 /* Cells */ = {
			isa = PBXNativeTarget;
			buildConfigurationList = 7C78B9C71F28051200934923 /* Build configuration list for PBXNativeTarget "Cells" */;
			buildPhases = (
				35D7E00EC73E90860F86367F /* [CP] Check Pods Manifest.lock */,
				7C78B9B11F28051200934923 /* Sources */,
				7C78B9B21F28051200934923 /* Frameworks */,
				7C78B9B31F28051200934923 /* Resources */,
				B0C6D5024ED69AAAE3D8AB3B /* [CP] Embed Pods Frameworks */,
				62CA8B80395A988F582D8ABF /* [CP] Copy Pods Resources */,
			);
			buildRules = (
			);
			dependencies = (
			);
			name = Cells;
			productName = Cells;
			productReference = 7C78B9B51F28051200934923 /* Cells.app */;
			productType = "com.apple.product-type.application";
		};
/* End PBXNativeTarget section */

/* Begin PBXProject section */
		7C78B9AD1F28051200934923 /* Project object */ = {
			isa = PBXProject;
			attributes = {
				LastSwiftUpdateCheck = 0830;
				LastUpgradeCheck = 0830;
				ORGANIZATIONNAME = Siavash;
				TargetAttributes = {
					7C78B9B41F28051200934923 = {
						CreatedOnToolsVersion = 8.3.2;
						DevelopmentTeam = 2UD9BYT75P;
						ProvisioningStyle = Automatic;
					};
				};
			};
			buildConfigurationList = 7C78B9B01F28051200934923 /* Build configuration list for PBXProject "Cells" */;
			compatibilityVersion = "Xcode 3.2";
			developmentRegion = English;
			hasScannedForEncodings = 0;
			knownRegions = (
				en,
				Base,
			);
			mainGroup = 7C78B9AC1F28051200934923;
			productRefGroup = 7C78B9B61F28051200934923 /* Products */;
			projectDirPath = "";
			projectRoot = "";
			targets = (
				7C78B9B41F28051200934923 /* Cells */,
			);
		};
/* End PBXProject section */

/* Begin PBXResourcesBuildPhase section */
		7C78B9B31F28051200934923 /* Resources */ = {
			isa = PBXResourcesBuildPhase;
			buildActionMask = 2147483647;
			files = (
				7C78B9C31F28051200934923 /* LaunchScreen.storyboard in Resources */,
				7C78B9C01F28051200934923 /* Assets.xcassets in Resources */,
				7C78B9BE1F28051200934923 /* Main.storyboard in Resources */,
			);
			runOnlyForDeploymentPostprocessing = 0;
		};
/* End PBXResourcesBuildPhase section */

/* Begin PBXShellScriptBuildPhase section */
		35D7E00EC73E90860F86367F /* [CP] Check Pods Manifest.lock */ = {
			isa = PBXShellScriptBuildPhase;
			buildActionMask = 2147483647;
			files = (
			);
			inputPaths = (
			);
			name = "[CP] Check Pods Manifest.lock";
			outputPaths = (
			);
			runOnlyForDeploymentPostprocessing = 0;
			shellPath = /bin/sh;
			shellScript = "diff \"${PODS_PODFILE_DIR_PATH}/Podfile.lock\" \"${PODS_ROOT}/Manifest.lock\" > /dev/null\nif [ $? != 0 ] ; then\n    # print error to STDERR\n    echo \"error: The sandbox is not in sync with the Podfile.lock. Run 'pod install' or update your CocoaPods installation.\" >&2\n    exit 1\nfi\n";
			showEnvVarsInLog = 0;
		};
		62CA8B80395A988F582D8ABF /* [CP] Copy Pods Resources */ = {
			isa = PBXShellScriptBuildPhase;
			buildActionMask = 2147483647;
			files = (
			);
			inputPaths = (
			);
			name = "[CP] Copy Pods Resources";
			outputPaths = (
			);
			runOnlyForDeploymentPostprocessing = 0;
			shellPath = /bin/sh;
			shellScript = "\"${SRCROOT}/Pods/Target Support Files/Pods-Cells/Pods-Cells-resources.sh\"\n";
			showEnvVarsInLog = 0;
		};
		B0C6D5024ED69AAAE3D8AB3B /* [CP] Embed Pods Frameworks */ = {
			isa = PBXShellScriptBuildPhase;
			buildActionMask = 2147483647;
			files = (
			);
			inputPaths = (
			);
			name = "[CP] Embed Pods Frameworks";
			outputPaths = (
			);
			runOnlyForDeploymentPostprocessing = 0;
			shellPath = /bin/sh;
			shellScript = "\"${SRCROOT}/Pods/Target Support Files/Pods-Cells/Pods-Cells-frameworks.sh\"\n";
			showEnvVarsInLog = 0;
		};
/* End PBXShellScriptBuildPhase section */

/* Begin PBXSourcesBuildPhase section */
		7C78B9B11F28051200934923 /* Sources */ = {
			isa = PBXSourcesBuildPhase;
			buildActionMask = 2147483647;
			files = (
				7C92414B1F298F16002B1AAD /* NotificationViewController.swift in Sources */,
				7C9241491F29648E002B1AAD /* TextEntryVC.swift in Sources */,
				7C78B9BB1F28051200934923 /* ViewController.swift in Sources */,
				7C78B9B91F28051200934923 /* AppDelegate.swift in Sources */,
				7CC996AB1F2959820059A193 /* CustomTextViewEntry.swift in Sources */,
			);
			runOnlyForDeploymentPostprocessing = 0;
		};
/* End PBXSourcesBuildPhase section */

/* Begin PBXVariantGroup section */
		7C78B9BC1F28051200934923 /* Main.storyboard */ = {
			isa = PBXVariantGroup;
			children = (
				7C78B9BD1F28051200934923 /* Base */,
			);
			name = Main.storyboard;
			sourceTree = "<group>";
		};
		7C78B9C11F28051200934923 /* LaunchScreen.storyboard */ = {
			isa = PBXVariantGroup;
			children = (
				7C78B9C21F28051200934923 /* Base */,
			);
			name = LaunchScreen.storyboard;
			sourceTree = "<group>";
		};
/* End PBXVariantGroup section */

/* Begin XCBuildConfiguration section */
		7C78B9C51F28051200934923 /* Debug */ = {
			isa = XCBuildConfiguration;
			buildSettings = {
				ALWAYS_SEARCH_USER_PATHS = NO;
				CLANG_ANALYZER_NONNULL = YES;
				CLANG_ANALYZER_NUMBER_OBJECT_CONVERSION = YES_AGGRESSIVE;
				CLANG_CXX_LANGUAGE_STANDARD = "gnu++0x";
				CLANG_CXX_LIBRARY = "libc++";
				CLANG_ENABLE_MODULES = YES;
				CLANG_ENABLE_OBJC_ARC = YES;
				CLANG_WARN_BOOL_CONVERSION = YES;
				CLANG_WARN_CONSTANT_CONVERSION = YES;
				CLANG_WARN_DIRECT_OBJC_ISA_USAGE = YES_ERROR;
				CLANG_WARN_DOCUMENTATION_COMMENTS = YES;
				CLANG_WARN_EMPTY_BODY = YES;
				CLANG_WARN_ENUM_CONVERSION = YES;
				CLANG_WARN_INFINITE_RECURSION = YES;
				CLANG_WARN_INT_CONVERSION = YES;
				CLANG_WARN_OBJC_ROOT_CLASS = YES_ERROR;
				CLANG_WARN_SUSPICIOUS_MOVE = YES;
				CLANG_WARN_UNREACHABLE_CODE = YES;
				CLANG_WARN__DUPLICATE_METHOD_MATCH = YES;
				"CODE_SIGN_IDENTITY[sdk=iphoneos*]" = "iPhone Developer";
				COPY_PHASE_STRIP = NO;
				DEBUG_INFORMATION_FORMAT = dwarf;
				ENABLE_STRICT_OBJC_MSGSEND = YES;
				ENABLE_TESTABILITY = YES;
				GCC_C_LANGUAGE_STANDARD = gnu99;
				GCC_DYNAMIC_NO_PIC = NO;
				GCC_NO_COMMON_BLOCKS = YES;
				GCC_OPTIMIZATION_LEVEL = 0;
				GCC_PREPROCESSOR_DEFINITIONS = (
					"DEBUG=1",
					"$(inherited)",
				);
				GCC_WARN_64_TO_32_BIT_CONVERSION = YES;
				GCC_WARN_ABOUT_RETURN_TYPE = YES_ERROR;
				GCC_WARN_UNDECLARED_SELECTOR = YES;
				GCC_WARN_UNINITIALIZED_AUTOS = YES_AGGRESSIVE;
				GCC_WARN_UNUSED_FUNCTION = YES;
				GCC_WARN_UNUSED_VARIABLE = YES;
				IPHONEOS_DEPLOYMENT_TARGET = 10.3;
				MTL_ENABLE_DEBUG_INFO = YES;
				ONLY_ACTIVE_ARCH = YES;
				SDKROOT = iphoneos;
				SWIFT_ACTIVE_COMPILATION_CONDITIONS = DEBUG;
				SWIFT_OPTIMIZATION_LEVEL = "-Onone";
				TARGETED_DEVICE_FAMILY = "1,2";
			};
			name = Debug;
		};
		7C78B9C61F28051200934923 /* Release */ = {
			isa = XCBuildConfiguration;
			buildSettings = {
				ALWAYS_SEARCH_USER_PATHS = NO;
				CLANG_ANALYZER_NONNULL = YES;
				CLANG_ANALYZER_NUMBER_OBJECT_CONVERSION = YES_AGGRESSIVE;
				CLANG_CXX_LANGUAGE_STANDARD = "gnu++0x";
				CLANG_CXX_LIBRARY = "libc++";
				CLANG_ENABLE_MODULES = YES;
				CLANG_ENABLE_OBJC_ARC = YES;
				CLANG_WARN_BOOL_CONVERSION = YES;
				CLANG_WARN_CONSTANT_CONVERSION = YES;
				CLANG_WARN_DIRECT_OBJC_ISA_USAGE = YES_ERROR;
				CLANG_WARN_DOCUMENTATION_COMMENTS = YES;
				CLANG_WARN_EMPTY_BODY = YES;
				CLANG_WARN_ENUM_CONVERSION = YES;
				CLANG_WARN_INFINITE_RECURSION = YES;
				CLANG_WARN_INT_CONVERSION = YES;
				CLANG_WARN_OBJC_ROOT_CLASS = YES_ERROR;
				CLANG_WARN_SUSPICIOUS_MOVE = YES;
				CLANG_WARN_UNREACHABLE_CODE = YES;
				CLANG_WARN__DUPLICATE_METHOD_MATCH = YES;
				"CODE_SIGN_IDENTITY[sdk=iphoneos*]" = "iPhone Developer";
				COPY_PHASE_STRIP = NO;
				DEBUG_INFORMATION_FORMAT = "dwarf-with-dsym";
				ENABLE_NS_ASSERTIONS = NO;
				ENABLE_STRICT_OBJC_MSGSEND = YES;
				GCC_C_LANGUAGE_STANDARD = gnu99;
				GCC_NO_COMMON_BLOCKS = YES;
				GCC_WARN_64_TO_32_BIT_CONVERSION = YES;
				GCC_WARN_ABOUT_RETURN_TYPE = YES_ERROR;
				GCC_WARN_UNDECLARED_SELECTOR = YES;
				GCC_WARN_UNINITIALIZED_AUTOS = YES_AGGRESSIVE;
				GCC_WARN_UNUSED_FUNCTION = YES;
				GCC_WARN_UNUSED_VARIABLE = YES;
				IPHONEOS_DEPLOYMENT_TARGET = 10.3;
				MTL_ENABLE_DEBUG_INFO = NO;
				SDKROOT = iphoneos;
				SWIFT_OPTIMIZATION_LEVEL = "-Owholemodule";
				TARGETED_DEVICE_FAMILY = "1,2";
				VALIDATE_PRODUCT = YES;
			};
			name = Release;
		};
		7C78B9C81F28051200934923 /* Debug */ = {
			isa = XCBuildConfiguration;
			baseConfigurationReference = AD71FF3DF60AFF2BD99D9BDE /* Pods-Cells.debug.xcconfig */;
			buildSettings = {
				ASSETCATALOG_COMPILER_APPICON_NAME = AppIcon;
				DEVELOPMENT_TEAM = 2UD9BYT75P;
				INFOPLIST_FILE = Cells/Info.plist;
				LD_RUNPATH_SEARCH_PATHS = "$(inherited) @executable_path/Frameworks";
				PRODUCT_BUNDLE_IDENTIFIER = siavash.Cells;
				PRODUCT_NAME = "$(TARGET_NAME)";
				SWIFT_VERSION = 3.0;
			};
			name = Debug;
		};
		7C78B9C91F28051200934923 /* Release */ = {
			isa = XCBuildConfiguration;
			baseConfigurationReference = 53B9B48BED348C35D2769CE2 /* Pods-Cells.release.xcconfig */;
			buildSettings = {
				ASSETCATALOG_COMPILER_APPICON_NAME = AppIcon;
				DEVELOPMENT_TEAM = 2UD9BYT75P;
				INFOPLIST_FILE = Cells/Info.plist;
				LD_RUNPATH_SEARCH_PATHS = "$(inherited) @executable_path/Frameworks";
				PRODUCT_BUNDLE_IDENTIFIER = siavash.Cells;
				PRODUCT_NAME = "$(TARGET_NAME)";
				SWIFT_VERSION = 3.0;
			};
			name = Release;
		};
/* End XCBuildConfiguration section */

/* Begin XCConfigurationList section */
		7C78B9B01F28051200934923 /* Build configuration list for PBXProject "Cells" */ = {
			isa = XCConfigurationList;
			buildConfigurations = (
				7C78B9C51F28051200934923 /* Debug */,
				7C78B9C61F28051200934923 /* Release */,
			);
			defaultConfigurationIsVisible = 0;
			defaultConfigurationName = Release;
		};
		7C78B9C71F28051200934923 /* Build configuration list for PBXNativeTarget "Cells" */ = {
			isa = XCConfigurationList;
			buildConfigurations = (
				7C78B9C81F28051200934923 /* Debug */,
				7C78B9C91F28051200934923 /* Release */,
			);
			defaultConfigurationIsVisible = 0;
			defaultConfigurationName = Release;
		};
/* End XCConfigurationList section */
	};
	rootObject = 7C78B9AD1F28051200934923 /* Project object */;
}
